// !$*UTF8*$!
{
	archiveVersion = 1;
	classes = {
	};
	objectVersion = 50;
	objects = {

/* Begin PBXBuildFile section */
		F74407E521C3B0D700862D5D /* libz.tbd in Frameworks */ = {isa = PBXBuildFile; fileRef = F74407E421C3B0D700862D5D /* libz.tbd */; };
		F74407E721C3B12C00862D5D /* AVFoundation.framework in Frameworks */ = {isa = PBXBuildFile; fileRef = F74407E621C3B12C00862D5D /* AVFoundation.framework */; };
		F748887A21C39801000259A5 /* AppDelegate.m in Sources */ = {isa = PBXBuildFile; fileRef = F748887921C39801000259A5 /* AppDelegate.m */; };
		F748887D21C39801000259A5 /* ViewController.m in Sources */ = {isa = PBXBuildFile; fileRef = F748887C21C39801000259A5 /* ViewController.m */; };
		F748888021C39801000259A5 /* Main.storyboard in Resources */ = {isa = PBXBuildFile; fileRef = F748887E21C39801000259A5 /* Main.storyboard */; };
		F748888221C39803000259A5 /* Assets.xcassets in Resources */ = {isa = PBXBuildFile; fileRef = F748888121C39803000259A5 /* Assets.xcassets */; };
		F748888521C39803000259A5 /* LaunchScreen.storyboard in Resources */ = {isa = PBXBuildFile; fileRef = F748888321C39803000259A5 /* LaunchScreen.storyboard */; };
		F748888821C39803000259A5 /* main.m in Sources */ = {isa = PBXBuildFile; fileRef = F748888721C39803000259A5 /* main.m */; };
		F748889221C39804000259A5 /* DgameSDKDemoTests.m in Sources */ = {isa = PBXBuildFile; fileRef = F748889121C39804000259A5 /* DgameSDKDemoTests.m */; };
		F748889D21C39804000259A5 /* DgameSDKDemoUITests.m in Sources */ = {isa = PBXBuildFile; fileRef = F748889C21C39804000259A5 /* DgameSDKDemoUITests.m */; };
		F74888AE21C398D0000259A5 /* DGamesSDK.bundle in Resources */ = {isa = PBXBuildFile; fileRef = F74888AC21C398D0000259A5 /* DGamesSDK.bundle */; };
		F77E4A3921CA39BF0076413A /* DGamesSDK.framework in Frameworks */ = {isa = PBXBuildFile; fileRef = F77E4A3721CA39BF0076413A /* DGamesSDK.framework */; };
		F77E4A3A21CA39BF0076413A /* Gamesdklib.framework in Frameworks */ = {isa = PBXBuildFile; fileRef = F77E4A3821CA39BF0076413A /* Gamesdklib.framework */; };
/* End PBXBuildFile section */

/* Begin PBXContainerItemProxy section */
		F748888E21C39804000259A5 /* PBXContainerItemProxy */ = {
			isa = PBXContainerItemProxy;
			containerPortal = F748886D21C39801000259A5 /* Project object */;
			proxyType = 1;
			remoteGlobalIDString = F748887421C39801000259A5;
			remoteInfo = DgameSDKDemo;
		};
		F748889921C39804000259A5 /* PBXContainerItemProxy */ = {
			isa = PBXContainerItemProxy;
			containerPortal = F748886D21C39801000259A5 /* Project object */;
			proxyType = 1;
			remoteGlobalIDString = F748887421C39801000259A5;
			remoteInfo = DgameSDKDemo;
		};
/* End PBXContainerItemProxy section */

/* Begin PBXFileReference section */
		F74407DE21C3AC4500862D5D /* DGamesSDK.framework */ = {isa = PBXFileReference; lastKnownFileType = wrapper.framework; name = DGamesSDK.framework; path = DgameSDKDemo/DGameSDK/DGamesSDK.framework; sourceTree = "<group>"; };
		F74407E421C3B0D700862D5D /* libz.tbd */ = {isa = PBXFileReference; lastKnownFileType = "sourcecode.text-based-dylib-definition"; name = libz.tbd; path = usr/lib/libz.tbd; sourceTree = SDKROOT; };
		F74407E621C3B12C00862D5D /* AVFoundation.framework */ = {isa = PBXFileReference; lastKnownFileType = wrapper.framework; name = AVFoundation.framework; path = System/Library/Frameworks/AVFoundation.framework; sourceTree = SDKROOT; };
		F744090421C7D11F00862D5D /* ethers.framework */ = {isa = PBXFileReference; lastKnownFileType = wrapper.framework; name = ethers.framework; path = DgameSDKDemo/DGameSDK/DGamesSDK.framework/Frameworks/ethers.framework; sourceTree = "<group>"; };
		F744090521C7D11F00862D5D /* Gamesdklib.framework */ = {isa = PBXFileReference; lastKnownFileType = wrapper.framework; name = Gamesdklib.framework; path = DgameSDKDemo/DGameSDK/DGamesSDK.framework/Frameworks/Gamesdklib.framework; sourceTree = "<group>"; };
		F748887521C39801000259A5 /* DgameSDKDemo.app */ = {isa = PBXFileReference; explicitFileType = wrapper.application; includeInIndex = 0; path = DgameSDKDemo.app; sourceTree = BUILT_PRODUCTS_DIR; };
		F748887821C39801000259A5 /* AppDelegate.h */ = {isa = PBXFileReference; lastKnownFileType = sourcecode.c.h; path = AppDelegate.h; sourceTree = "<group>"; };
		F748887921C39801000259A5 /* AppDelegate.m */ = {isa = PBXFileReference; lastKnownFileType = sourcecode.c.objc; path = AppDelegate.m; sourceTree = "<group>"; };
		F748887B21C39801000259A5 /* ViewController.h */ = {isa = PBXFileReference; lastKnownFileType = sourcecode.c.h; path = ViewController.h; sourceTree = "<group>"; };
		F748887C21C39801000259A5 /* ViewController.m */ = {isa = PBXFileReference; lastKnownFileType = sourcecode.c.objc; path = ViewController.m; sourceTree = "<group>"; };
		F748887F21C39801000259A5 /* Base */ = {isa = PBXFileReference; lastKnownFileType = file.storyboard; name = Base; path = Base.lproj/Main.storyboard; sourceTree = "<group>"; };
		F748888121C39803000259A5 /* Assets.xcassets */ = {isa = PBXFileReference; lastKnownFileType = folder.assetcatalog; path = Assets.xcassets; sourceTree = "<group>"; };
		F748888421C39803000259A5 /* Base */ = {isa = PBXFileReference; lastKnownFileType = file.storyboard; name = Base; path = Base.lproj/LaunchScreen.storyboard; sourceTree = "<group>"; };
		F748888621C39803000259A5 /* Info.plist */ = {isa = PBXFileReference; lastKnownFileType = text.plist.xml; path = Info.plist; sourceTree = "<group>"; };
		F748888721C39803000259A5 /* main.m */ = {isa = PBXFileReference; lastKnownFileType = sourcecode.c.objc; path = main.m; sourceTree = "<group>"; };
		F748888D21C39804000259A5 /* DgameSDKDemoTests.xctest */ = {isa = PBXFileReference; explicitFileType = wrapper.cfbundle; includeInIndex = 0; path = DgameSDKDemoTests.xctest; sourceTree = BUILT_PRODUCTS_DIR; };
		F748889121C39804000259A5 /* DgameSDKDemoTests.m */ = {isa = PBXFileReference; lastKnownFileType = sourcecode.c.objc; path = DgameSDKDemoTests.m; sourceTree = "<group>"; };
		F748889321C39804000259A5 /* Info.plist */ = {isa = PBXFileReference; lastKnownFileType = text.plist.xml; path = Info.plist; sourceTree = "<group>"; };
		F748889821C39804000259A5 /* DgameSDKDemoUITests.xctest */ = {isa = PBXFileReference; explicitFileType = wrapper.cfbundle; includeInIndex = 0; path = DgameSDKDemoUITests.xctest; sourceTree = BUILT_PRODUCTS_DIR; };
		F748889C21C39804000259A5 /* DgameSDKDemoUITests.m */ = {isa = PBXFileReference; lastKnownFileType = sourcecode.c.objc; path = DgameSDKDemoUITests.m; sourceTree = "<group>"; };
		F748889E21C39804000259A5 /* Info.plist */ = {isa = PBXFileReference; lastKnownFileType = text.plist.xml; path = Info.plist; sourceTree = "<group>"; };
		F74888AC21C398D0000259A5 /* DGamesSDK.bundle */ = {isa = PBXFileReference; lastKnownFileType = "wrapper.plug-in"; path = DGamesSDK.bundle; sourceTree = "<group>"; };
		F77E4A3721CA39BF0076413A /* DGamesSDK.framework */ = {isa = PBXFileReference; lastKnownFileType = wrapper.framework; path = DGamesSDK.framework; sourceTree = "<group>"; };
		F77E4A3821CA39BF0076413A /* Gamesdklib.framework */ = {isa = PBXFileReference; lastKnownFileType = wrapper.framework; path = Gamesdklib.framework; sourceTree = "<group>"; };
/* End PBXFileReference section */

/* Begin PBXFrameworksBuildPhase section */
		F748887221C39801000259A5 /* Frameworks */ = {
			isa = PBXFrameworksBuildPhase;
			buildActionMask = 2147483647;
			files = (
				F74407E721C3B12C00862D5D /* AVFoundation.framework in Frameworks */,
				F77E4A3921CA39BF0076413A /* DGamesSDK.framework in Frameworks */,
				F74407E521C3B0D700862D5D /* libz.tbd in Frameworks */,
				F77E4A3A21CA39BF0076413A /* Gamesdklib.framework in Frameworks */,
			);
			runOnlyForDeploymentPostprocessing = 0;
		};
		F748888A21C39804000259A5 /* Frameworks */ = {
			isa = PBXFrameworksBuildPhase;
			buildActionMask = 2147483647;
			files = (
			);
			runOnlyForDeploymentPostprocessing = 0;
		};
		F748889521C39804000259A5 /* Frameworks */ = {
			isa = PBXFrameworksBuildPhase;
			buildActionMask = 2147483647;
			files = (
			);
			runOnlyForDeploymentPostprocessing = 0;
		};
/* End PBXFrameworksBuildPhase section */

/* Begin PBXGroup section */
		F74407DD21C3AC4500862D5D /* Frameworks */ = {
			isa = PBXGroup;
			children = (
				F744090421C7D11F00862D5D /* ethers.framework */,
				F744090521C7D11F00862D5D /* Gamesdklib.framework */,
				F74407E621C3B12C00862D5D /* AVFoundation.framework */,
				F74407E421C3B0D700862D5D /* libz.tbd */,
				F74407DE21C3AC4500862D5D /* DGamesSDK.framework */,
			);
			name = Frameworks;
			sourceTree = "<group>";
		};
		F748886C21C39801000259A5 = {
			isa = PBXGroup;
			children = (
				F748887721C39801000259A5 /* DgameSDKDemo */,
				F748889021C39804000259A5 /* DgameSDKDemoTests */,
				F748889B21C39804000259A5 /* DgameSDKDemoUITests */,
				F748887621C39801000259A5 /* Products */,
				F74407DD21C3AC4500862D5D /* Frameworks */,
			);
			sourceTree = "<group>";
		};
		F748887621C39801000259A5 /* Products */ = {
			isa = PBXGroup;
			children = (
				F748887521C39801000259A5 /* DgameSDKDemo.app */,
				F748888D21C39804000259A5 /* DgameSDKDemoTests.xctest */,
				F748889821C39804000259A5 /* DgameSDKDemoUITests.xctest */,
			);
			name = Products;
			sourceTree = "<group>";
		};
		F748887721C39801000259A5 /* DgameSDKDemo */ = {
			isa = PBXGroup;
			children = (
				F748887821C39801000259A5 /* AppDelegate.h */,
				F748887921C39801000259A5 /* AppDelegate.m */,
				F748887B21C39801000259A5 /* ViewController.h */,
				F748887C21C39801000259A5 /* ViewController.m */,
				F74888AA21C3982E000259A5 /* DGameSDK */,
				F748887E21C39801000259A5 /* Main.storyboard */,
				F748888121C39803000259A5 /* Assets.xcassets */,
				F748888321C39803000259A5 /* LaunchScreen.storyboard */,
				F748888621C39803000259A5 /* Info.plist */,
				F748888721C39803000259A5 /* main.m */,
			);
			path = DgameSDKDemo;
			sourceTree = "<group>";
		};
		F748889021C39804000259A5 /* DgameSDKDemoTests */ = {
			isa = PBXGroup;
			children = (
				F748889121C39804000259A5 /* DgameSDKDemoTests.m */,
				F748889321C39804000259A5 /* Info.plist */,
			);
			path = DgameSDKDemoTests;
			sourceTree = "<group>";
		};
		F748889B21C39804000259A5 /* DgameSDKDemoUITests */ = {
			isa = PBXGroup;
			children = (
				F748889C21C39804000259A5 /* DgameSDKDemoUITests.m */,
				F748889E21C39804000259A5 /* Info.plist */,
			);
			path = DgameSDKDemoUITests;
			sourceTree = "<group>";
		};
		F74888AA21C3982E000259A5 /* DGameSDK */ = {
			isa = PBXGroup;
			children = (
				F77E4A3721CA39BF0076413A /* DGamesSDK.framework */,
				F77E4A3821CA39BF0076413A /* Gamesdklib.framework */,
				F74888AC21C398D0000259A5 /* DGamesSDK.bundle */,
			);
			path = DGameSDK;
			sourceTree = "<group>";
		};
/* End PBXGroup section */

/* Begin PBXNativeTarget section */
		F748887421C39801000259A5 /* DgameSDKDemo */ = {
			isa = PBXNativeTarget;
			buildConfigurationList = F74888A121C39804000259A5 /* Build configuration list for PBXNativeTarget "DgameSDKDemo" */;
			buildPhases = (
				F748887121C39801000259A5 /* Sources */,
				F748887221C39801000259A5 /* Frameworks */,
				F748887321C39801000259A5 /* Resources */,
			);
			buildRules = (
			);
			dependencies = (
			);
			name = DgameSDKDemo;
			productName = DgameSDKDemo;
			productReference = F748887521C39801000259A5 /* DgameSDKDemo.app */;
			productType = "com.apple.product-type.application";
		};
		F748888C21C39804000259A5 /* DgameSDKDemoTests */ = {
			isa = PBXNativeTarget;
			buildConfigurationList = F74888A421C39804000259A5 /* Build configuration list for PBXNativeTarget "DgameSDKDemoTests" */;
			buildPhases = (
				F748888921C39804000259A5 /* Sources */,
				F748888A21C39804000259A5 /* Frameworks */,
				F748888B21C39804000259A5 /* Resources */,
			);
			buildRules = (
			);
			dependencies = (
				F748888F21C39804000259A5 /* PBXTargetDependency */,
			);
			name = DgameSDKDemoTests;
			productName = DgameSDKDemoTests;
			productReference = F748888D21C39804000259A5 /* DgameSDKDemoTests.xctest */;
			productType = "com.apple.product-type.bundle.unit-test";
		};
		F748889721C39804000259A5 /* DgameSDKDemoUITests */ = {
			isa = PBXNativeTarget;
			buildConfigurationList = F74888A721C39804000259A5 /* Build configuration list for PBXNativeTarget "DgameSDKDemoUITests" */;
			buildPhases = (
				F748889421C39804000259A5 /* Sources */,
				F748889521C39804000259A5 /* Frameworks */,
				F748889621C39804000259A5 /* Resources */,
			);
			buildRules = (
			);
			dependencies = (
				F748889A21C39804000259A5 /* PBXTargetDependency */,
			);
			name = DgameSDKDemoUITests;
			productName = DgameSDKDemoUITests;
			productReference = F748889821C39804000259A5 /* DgameSDKDemoUITests.xctest */;
			productType = "com.apple.product-type.bundle.ui-testing";
		};
/* End PBXNativeTarget section */

/* Begin PBXProject section */
		F748886D21C39801000259A5 /* Project object */ = {
			isa = PBXProject;
			attributes = {
				LastUpgradeCheck = 1010;
				ORGANIZATIONNAME = HP;
				TargetAttributes = {
					F748887421C39801000259A5 = {
						CreatedOnToolsVersion = 10.1;
					};
					F748888C21C39804000259A5 = {
						CreatedOnToolsVersion = 10.1;
						TestTargetID = F748887421C39801000259A5;
					};
					F748889721C39804000259A5 = {
						CreatedOnToolsVersion = 10.1;
						TestTargetID = F748887421C39801000259A5;
					};
				};
			};
			buildConfigurationList = F748887021C39801000259A5 /* Build configuration list for PBXProject "DgameSDKDemo" */;
			compatibilityVersion = "Xcode 9.3";
			developmentRegion = en;
			hasScannedForEncodings = 0;
			knownRegions = (
				en,
				Base,
			);
			mainGroup = F748886C21C39801000259A5;
			productRefGroup = F748887621C39801000259A5 /* Products */;
			projectDirPath = "";
			projectRoot = "";
			targets = (
				F748887421C39801000259A5 /* DgameSDKDemo */,
				F748888C21C39804000259A5 /* DgameSDKDemoTests */,
				F748889721C39804000259A5 /* DgameSDKDemoUITests */,
			);
		};
/* End PBXProject section */

/* Begin PBXResourcesBuildPhase section */
		F748887321C39801000259A5 /* Resources */ = {
			isa = PBXResourcesBuildPhase;
			buildActionMask = 2147483647;
			files = (
				F748888521C39803000259A5 /* LaunchScreen.storyboard in Resources */,
				F748888221C39803000259A5 /* Assets.xcassets in Resources */,
				F748888021C39801000259A5 /* Main.storyboard in Resources */,
				F74888AE21C398D0000259A5 /* DGamesSDK.bundle in Resources */,
			);
			runOnlyForDeploymentPostprocessing = 0;
		};
		F748888B21C39804000259A5 /* Resources */ = {
			isa = PBXResourcesBuildPhase;
			buildActionMask = 2147483647;
			files = (
			);
			runOnlyForDeploymentPostprocessing = 0;
		};
		F748889621C39804000259A5 /* Resources */ = {
			isa = PBXResourcesBuildPhase;
			buildActionMask = 2147483647;
			files = (
			);
			runOnlyForDeploymentPostprocessing = 0;
		};
/* End PBXResourcesBuildPhase section */

/* Begin PBXSourcesBuildPhase section */
		F748887121C39801000259A5 /* Sources */ = {
			isa = PBXSourcesBuildPhase;
			buildActionMask = 2147483647;
			files = (
				F748887D21C39801000259A5 /* ViewController.m in Sources */,
				F748888821C39803000259A5 /* main.m in Sources */,
				F748887A21C39801000259A5 /* AppDelegate.m in Sources */,
			);
			runOnlyForDeploymentPostprocessing = 0;
		};
		F748888921C39804000259A5 /* Sources */ = {
			isa = PBXSourcesBuildPhase;
			buildActionMask = 2147483647;
			files = (
				F748889221C39804000259A5 /* DgameSDKDemoTests.m in Sources */,
			);
			runOnlyForDeploymentPostprocessing = 0;
		};
		F748889421C39804000259A5 /* Sources */ = {
			isa = PBXSourcesBuildPhase;
			buildActionMask = 2147483647;
			files = (
				F748889D21C39804000259A5 /* DgameSDKDemoUITests.m in Sources */,
			);
			runOnlyForDeploymentPostprocessing = 0;
		};
/* End PBXSourcesBuildPhase section */

/* Begin PBXTargetDependency section */
		F748888F21C39804000259A5 /* PBXTargetDependency */ = {
			isa = PBXTargetDependency;
			target = F748887421C39801000259A5 /* DgameSDKDemo */;
			targetProxy = F748888E21C39804000259A5 /* PBXContainerItemProxy */;
		};
		F748889A21C39804000259A5 /* PBXTargetDependency */ = {
			isa = PBXTargetDependency;
			target = F748887421C39801000259A5 /* DgameSDKDemo */;
			targetProxy = F748889921C39804000259A5 /* PBXContainerItemProxy */;
		};
/* End PBXTargetDependency section */

/* Begin PBXVariantGroup section */
		F748887E21C39801000259A5 /* Main.storyboard */ = {
			isa = PBXVariantGroup;
			children = (
				F748887F21C39801000259A5 /* Base */,
			);
			name = Main.storyboard;
			sourceTree = "<group>";
		};
		F748888321C39803000259A5 /* LaunchScreen.storyboard */ = {
			isa = PBXVariantGroup;
			children = (
				F748888421C39803000259A5 /* Base */,
			);
			name = LaunchScreen.storyboard;
			sourceTree = "<group>";
		};
/* End PBXVariantGroup section */

/* Begin XCBuildConfiguration section */
		F748889F21C39804000259A5 /* Debug */ = {
			isa = XCBuildConfiguration;
			buildSettings = {
				ALWAYS_SEARCH_USER_PATHS = NO;
				CLANG_ANALYZER_NONNULL = YES;
				CLANG_ANALYZER_NUMBER_OBJECT_CONVERSION = YES_AGGRESSIVE;
				CLANG_CXX_LANGUAGE_STANDARD = "gnu++14";
				CLANG_CXX_LIBRARY = "libc++";
				CLANG_ENABLE_MODULES = YES;
				CLANG_ENABLE_OBJC_ARC = YES;
				CLANG_ENABLE_OBJC_WEAK = YES;
				CLANG_WARN_BLOCK_CAPTURE_AUTORELEASING = YES;
				CLANG_WARN_BOOL_CONVERSION = YES;
				CLANG_WARN_COMMA = YES;
				CLANG_WARN_CONSTANT_CONVERSION = YES;
				CLANG_WARN_DEPRECATED_OBJC_IMPLEMENTATIONS = YES;
				CLANG_WARN_DIRECT_OBJC_ISA_USAGE = YES_ERROR;
				CLANG_WARN_DOCUMENTATION_COMMENTS = YES;
				CLANG_WARN_EMPTY_BODY = YES;
				CLANG_WARN_ENUM_CONVERSION = YES;
				CLANG_WARN_INFINITE_RECURSION = YES;
				CLANG_WARN_INT_CONVERSION = YES;
				CLANG_WARN_NON_LITERAL_NULL_CONVERSION = YES;
				CLANG_WARN_OBJC_IMPLICIT_RETAIN_SELF = YES;
				CLANG_WARN_OBJC_LITERAL_CONVERSION = YES;
				CLANG_WARN_OBJC_ROOT_CLASS = YES_ERROR;
				CLANG_WARN_RANGE_LOOP_ANALYSIS = YES;
				CLANG_WARN_STRICT_PROTOTYPES = YES;
				CLANG_WARN_SUSPICIOUS_MOVE = YES;
				CLANG_WARN_UNGUARDED_AVAILABILITY = YES_AGGRESSIVE;
				CLANG_WARN_UNREACHABLE_CODE = YES;
				CLANG_WARN__DUPLICATE_METHOD_MATCH = YES;
				CODE_SIGN_IDENTITY = "iPhone Developer";
				COPY_PHASE_STRIP = NO;
				DEBUG_INFORMATION_FORMAT = dwarf;
				ENABLE_STRICT_OBJC_MSGSEND = YES;
				ENABLE_TESTABILITY = YES;
				GCC_C_LANGUAGE_STANDARD = gnu11;
				GCC_DYNAMIC_NO_PIC = NO;
				GCC_NO_COMMON_BLOCKS = YES;
				GCC_OPTIMIZATION_LEVEL = 0;
				GCC_PREPROCESSOR_DEFINITIONS = (
					"DEBUG=1",
					"$(inherited)",
				);
				GCC_WARN_64_TO_32_BIT_CONVERSION = YES;
				GCC_WARN_ABOUT_RETURN_TYPE = YES_ERROR;
				GCC_WARN_UNDECLARED_SELECTOR = YES;
				GCC_WARN_UNINITIALIZED_AUTOS = YES_AGGRESSIVE;
				GCC_WARN_UNUSED_FUNCTION = YES;
				GCC_WARN_UNUSED_VARIABLE = YES;
				IPHONEOS_DEPLOYMENT_TARGET = 12.1;
				MTL_ENABLE_DEBUG_INFO = INCLUDE_SOURCE;
				MTL_FAST_MATH = YES;
				ONLY_ACTIVE_ARCH = YES;
				SDKROOT = iphoneos;
			};
			name = Debug;
		};
		F74888A021C39804000259A5 /* Release */ = {
			isa = XCBuildConfiguration;
			buildSettings = {
				ALWAYS_SEARCH_USER_PATHS = NO;
				CLANG_ANALYZER_NONNULL = YES;
				CLANG_ANALYZER_NUMBER_OBJECT_CONVERSION = YES_AGGRESSIVE;
				CLANG_CXX_LANGUAGE_STANDARD = "gnu++14";
				CLANG_CXX_LIBRARY = "libc++";
				CLANG_ENABLE_MODULES = YES;
				CLANG_ENABLE_OBJC_ARC = YES;
				CLANG_ENABLE_OBJC_WEAK = YES;
				CLANG_WARN_BLOCK_CAPTURE_AUTORELEASING = YES;
				CLANG_WARN_BOOL_CONVERSION = YES;
				CLANG_WARN_COMMA = YES;
				CLANG_WARN_CONSTANT_CONVERSION = YES;
				CLANG_WARN_DEPRECATED_OBJC_IMPLEMENTATIONS = YES;
				CLANG_WARN_DIRECT_OBJC_ISA_USAGE = YES_ERROR;
				CLANG_WARN_DOCUMENTATION_COMMENTS = YES;
				CLANG_WARN_EMPTY_BODY = YES;
				CLANG_WARN_ENUM_CONVERSION = YES;
				CLANG_WARN_INFINITE_RECURSION = YES;
				CLANG_WARN_INT_CONVERSION = YES;
				CLANG_WARN_NON_LITERAL_NULL_CONVERSION = YES;
				CLANG_WARN_OBJC_IMPLICIT_RETAIN_SELF = YES;
				CLANG_WARN_OBJC_LITERAL_CONVERSION = YES;
				CLANG_WARN_OBJC_ROOT_CLASS = YES_ERROR;
				CLANG_WARN_RANGE_LOOP_ANALYSIS = YES;
				CLANG_WARN_STRICT_PROTOTYPES = YES;
				CLANG_WARN_SUSPICIOUS_MOVE = YES;
				CLANG_WARN_UNGUARDED_AVAILABILITY = YES_AGGRESSIVE;
				CLANG_WARN_UNREACHABLE_CODE = YES;
				CLANG_WARN__DUPLICATE_METHOD_MATCH = YES;
				CODE_SIGN_IDENTITY = "iPhone Developer";
				COPY_PHASE_STRIP = NO;
				DEBUG_INFORMATION_FORMAT = "dwarf-with-dsym";
				ENABLE_NS_ASSERTIONS = NO;
				ENABLE_STRICT_OBJC_MSGSEND = YES;
				GCC_C_LANGUAGE_STANDARD = gnu11;
				GCC_NO_COMMON_BLOCKS = YES;
				GCC_WARN_64_TO_32_BIT_CONVERSION = YES;
				GCC_WARN_ABOUT_RETURN_TYPE = YES_ERROR;
				GCC_WARN_UNDECLARED_SELECTOR = YES;
				GCC_WARN_UNINITIALIZED_AUTOS = YES_AGGRESSIVE;
				GCC_WARN_UNUSED_FUNCTION = YES;
				GCC_WARN_UNUSED_VARIABLE = YES;
				IPHONEOS_DEPLOYMENT_TARGET = 12.1;
				MTL_ENABLE_DEBUG_INFO = NO;
				MTL_FAST_MATH = YES;
				SDKROOT = iphoneos;
				VALIDATE_PRODUCT = YES;
			};
			name = Release;
		};
		F74888A221C39804000259A5 /* Debug */ = {
			isa = XCBuildConfiguration;
			buildSettings = {
				ASSETCATALOG_COMPILER_APPICON_NAME = AppIcon;
				CODE_SIGN_STYLE = Automatic;
				DEVELOPMENT_TEAM = 22DQQ28V3F;
				ENABLE_BITCODE = NO;
				FRAMEWORK_SEARCH_PATHS = (
					"$(inherited)",
					"$(PROJECT_DIR)/DgameSDKDemo/DGameSDK",
				);
				INFOPLIST_FILE = DgameSDKDemo/Info.plist;
				IPHONEOS_DEPLOYMENT_TARGET = 8.0;
				LD_RUNPATH_SEARCH_PATHS = (
					"$(inherited)",
					"@executable_path/Frameworks",
				);
				LIBRARY_SEARCH_PATHS = "$(inherited)";
				OTHER_LDFLAGS = (
					"-all_load",
					"-ObjC",
				);
				PRODUCT_BUNDLE_IDENTIFIER = com.ranka.xinxinappdgame;
				PRODUCT_NAME = "$(TARGET_NAME)";
				TARGETED_DEVICE_FAMILY = "1,2";
				VALID_ARCHS = "arm64 arm64e armv7s";
			};
			name = Debug;
		};
		F74888A321C39804000259A5 /* Release */ = {
			isa = XCBuildConfiguration;
			buildSettings = {
				ASSETCATALOG_COMPILER_APPICON_NAME = AppIcon;
				CODE_SIGN_STYLE = Automatic;
				DEVELOPMENT_TEAM = 22DQQ28V3F;
				ENABLE_BITCODE = NO;
				FRAMEWORK_SEARCH_PATHS = (
					"$(inherited)",
					"$(PROJECT_DIR)/DgameSDKDemo/DGameSDK",
				);
				INFOPLIST_FILE = DgameSDKDemo/Info.plist;
				IPHONEOS_DEPLOYMENT_TARGET = 8.0;
				LD_RUNPATH_SEARCH_PATHS = (
					"$(inherited)",
					"@executable_path/Frameworks",
				);
				LIBRARY_SEARCH_PATHS = "$(inherited)";
				OTHER_LDFLAGS = (
					"-all_load",
					"-ObjC",
				);
				PRODUCT_BUNDLE_IDENTIFIER = com.ranka.xinxinappdgame;
				PRODUCT_NAME = "$(TARGET_NAME)";
				TARGETED_DEVICE_FAMILY = "1,2";
				VALID_ARCHS = "arm64 arm64e armv7s";
			};
			name = Release;
		};
		F74888A521C39804000259A5 /* Debug */ = {
			isa = XCBuildConfiguration;
			buildSettings = {
				BUNDLE_LOADER = "$(TEST_HOST)";
				CODE_SIGN_STYLE = Automatic;
				DEVELOPMENT_TEAM = TP25T269N7;
				INFOPLIST_FILE = DgameSDKDemoTests/Info.plist;
				LD_RUNPATH_SEARCH_PATHS = (
					"$(inherited)",
					"@executable_path/Frameworks",
					"@loader_path/Frameworks",
				);
				PRODUCT_BUNDLE_IDENTIFIER = HP.DgameSDKDemoTests;
				PRODUCT_NAME = "$(TARGET_NAME)";
				TARGETED_DEVICE_FAMILY = "1,2";
				TEST_HOST = "$(BUILT_PRODUCTS_DIR)/DgameSDKDemo.app/DgameSDKDemo";
			};
			name = Debug;
		};
		F74888A621C39804000259A5 /* Release */ = {
			isa = XCBuildConfiguration;
			buildSettings = {
				BUNDLE_LOADER = "$(TEST_HOST)";
				CODE_SIGN_STYLE = Automatic;
				DEVELOPMENT_TEAM = TP25T269N7;
				INFOPLIST_FILE = DgameSDKDemoTests/Info.plist;
				LD_RUNPATH_SEARCH_PATHS = (
					"$(inherited)",
					"@executable_path/Frameworks",
					"@loader_path/Frameworks",
				);
				PRODUCT_BUNDLE_IDENTIFIER = HP.DgameSDKDemoTests;
				PRODUCT_NAME = "$(TARGET_NAME)";
				TARGETED_DEVICE_FAMILY = "1,2";
				TEST_HOST = "$(BUILT_PRODUCTS_DIR)/DgameSDKDemo.app/DgameSDKDemo";
			};
			name = Release;
		};
		F74888A821C39804000259A5 /* Debug */ = {
			isa = XCBuildConfiguration;
			buildSettings = {
				CODE_SIGN_STYLE = Automatic;
				DEVELOPMENT_TEAM = TP25T269N7;
				INFOPLIST_FILE = DgameSDKDemoUITests/Info.plist;
				LD_RUNPATH_SEARCH_PATHS = (
					"$(inherited)",
					"@executable_path/Frameworks",
					"@loader_path/Frameworks",
				);
				PRODUCT_BUNDLE_IDENTIFIER = HP.DgameSDKDemoUITests;
				PRODUCT_NAME = "$(TARGET_NAME)";
				TARGETED_DEVICE_FAMILY = "1,2";
				TEST_TARGET_NAME = DgameSDKDemo;
			};
			name = Debug;
		};
		F74888A921C39804000259A5 /* Release */ = {
			isa = XCBuildConfiguration;
			buildSettings = {
				CODE_SIGN_STYLE = Automatic;
				DEVELOPMENT_TEAM = TP25T269N7;
				INFOPLIST_FILE = DgameSDKDemoUITests/Info.plist;
				LD_RUNPATH_SEARCH_PATHS = (
					"$(inherited)",
					"@executable_path/Frameworks",
					"@loader_path/Frameworks",
				);
				PRODUCT_BUNDLE_IDENTIFIER = HP.DgameSDKDemoUITests;
				PRODUCT_NAME = "$(TARGET_NAME)";
				TARGETED_DEVICE_FAMILY = "1,2";
				TEST_TARGET_NAME = DgameSDKDemo;
			};
			name = Release;
		};
/* End XCBuildConfiguration section */

/* Begin XCConfigurationList section */
		F748887021C39801000259A5 /* Build configuration list for PBXProject "DgameSDKDemo" */ = {
			isa = XCConfigurationList;
			buildConfigurations = (
				F748889F21C39804000259A5 /* Debug */,
				F74888A021C39804000259A5 /* Release */,
			);
			defaultConfigurationIsVisible = 0;
			defaultConfigurationName = Release;
		};
		F74888A121C39804000259A5 /* Build configuration list for PBXNativeTarget "DgameSDKDemo" */ = {
			isa = XCConfigurationList;
			buildConfigurations = (
				F74888A221C39804000259A5 /* Debug */,
				F74888A321C39804000259A5 /* Release */,
			);
			defaultConfigurationIsVisible = 0;
			defaultConfigurationName = Release;
		};
		F74888A421C39804000259A5 /* Build configuration list for PBXNativeTarget "DgameSDKDemoTests" */ = {
			isa = XCConfigurationList;
			buildConfigurations = (
				F74888A521C39804000259A5 /* Debug */,
				F74888A621C39804000259A5 /* Release */,
			);
			defaultConfigurationIsVisible = 0;
			defaultConfigurationName = Release;
		};
		F74888A721C39804000259A5 /* Build configuration list for PBXNativeTarget "DgameSDKDemoUITests" */ = {
			isa = XCConfigurationList;
			buildConfigurations = (
				F74888A821C39804000259A5 /* Debug */,
				F74888A921C39804000259A5 /* Release */,
			);
			defaultConfigurationIsVisible = 0;
			defaultConfigurationName = Release;
		};
/* End XCConfigurationList section */
	};
	rootObject = F748886D21C39801000259A5 /* Project object */;
}
